
Microsoft Visual Studio Solution File, Format Version 12.00
# Visual Studio Version 16
VisualStudioVersion = 16.0.30104.148
MinimumVisualStudioVersion = 10.0.40219.1
Project("{FAE04EC0-301F-11D3-BF4B-00C04F79EFBC}") = "Code_First", "Code_First\Code_First.csproj", "{8E90641F-C067-4FBC-ACB1-40376733269F}"
EndProject
Global
	GlobalSection(SolutionConfigurationPlatforms) = preSolution
		Debug|Any CPU = Debug|Any CPU
		Release|Any CPU = Release|Any CPU
	EndGlobalSection
	GlobalSection(ProjectConfigurationPlatforms) = postSolution
		{8E90641F-C067-4FBC-ACB1-40376733269F}.Debug|Any CPU.ActiveCfg = Debug|Any CPU
		{8E90641F-C067-4FBC-ACB1-40376733269F}.Debug|Any CPU.Build.0 = Debug|Any CPU
		{8E90641F-C067-4FBC-ACB1-40376733269F}.Release|Any CPU.ActiveCfg = Release|Any CPU
		{8E90641F-C067-4FBC-ACB1-40376733269F}.Release|Any CPU.Build.0 = Release|Any CPU
	EndGlobalSection
	GlobalSection(SolutionProperties) = preSolution
		HideSolutionNode = FALSE
	EndGlobalSection
	GlobalSection(ExtensibilityGlobals) = postSolution
		SolutionGuid = {BB57C271-BAE4-4E1E-B3CC-2773EE5157A8}
	EndGlobalSection
EndGlobal
